
Microsoft Visual Studio Solution File, Format Version 12.00
# Visual Studio Version 16
VisualStudioVersion = 16.0.29613.14
MinimumVisualStudioVersion = 10.0.40219.1
Project("{FAE04EC0-301F-11D3-BF4B-00C04F79EFBC}") = "IOC-DI-Principe", "IOC-DI-Principe.csproj", "{A00F6AB6-D672-4B79-8C6C-A6C2F97681E3}"
EndProject
Global
	GlobalSection(SolutionConfigurationPlatforms) = preSolution
		Debug|Any CPU = Debug|Any CPU
		Release|Any CPU = Release|Any CPU
	EndGlobalSection
	GlobalSection(ProjectConfigurationPlatforms) = postSolution
		{A00F6AB6-D672-4B79-8C6C-A6C2F97681E3}.Debug|Any CPU.ActiveCfg = Debug|Any CPU
		{A00F6AB6-D672-4B79-8C6C-A6C2F97681E3}.Debug|Any CPU.Build.0 = Debug|Any CPU
		{A00F6AB6-D672-4B79-8C6C-A6C2F97681E3}.Release|Any CPU.ActiveCfg = Release|Any CPU
		{A00F6AB6-D672-4B79-8C6C-A6C2F97681E3}.Release|Any CPU.Build.0 = Release|Any CPU
	EndGlobalSection
	GlobalSection(SolutionProperties) = preSolution
		HideSolutionNode = FALSE
	EndGlobalSection
	GlobalSection(ExtensibilityGlobals) = postSolution
		SolutionGuid = {B9BA2937-47C7-4A9C-8598-0D0D485179C8}
	EndGlobalSection
EndGlobal
